
Microsoft Visual Studio Solution File, Format Version 12.00
Project("{2150E333-8FDC-42A3-9474-1A3956D46DE8}") = "BuildingBlocks", "BuildingBlocks", "{44F833BB-F795-4A3D-A7C1-D813A787DDB6}"
EndProject
Project("{2150E333-8FDC-42A3-9474-1A3956D46DE8}") = "Services", "Services", "{D1126638-A2F6-45DE-B326-62405C4765E3}"
EndProject
Project("{2150E333-8FDC-42A3-9474-1A3956D46DE8}") = "Acquisition", "Acquisition", "{C653FC71-E50E-4471-84F9-44199EFAD72D}"
EndProject
Project("{2150E333-8FDC-42A3-9474-1A3956D46DE8}") = "Payments", "Payments", "{D4B7DEE8-4E53-4B0A-B8C1-EDE927D0213F}"
EndProject
Project("{FAE04EC0-301F-11D3-BF4B-00C04F79EFBC}") = "PaymentGateway.Payments.Api", "PaymentGateway.Payments.Api\PaymentGateway.Payments.Api.csproj", "{A0E8641C-E0A8-4450-822B-05F44C1C6381}"
EndProject
Project("{FAE04EC0-301F-11D3-BF4B-00C04F79EFBC}") = "PaymentGateway.Acquisition.Api", "PaymentGateway.Acquisition.Api\PaymentGateway.Acquisition.Api.csproj", "{7E590281-EFF2-471D-84BC-4A42BADFCF25}"
EndProject
Project("{FAE04EC0-301F-11D3-BF4B-00C04F79EFBC}") = "PaymentGateway.Payments.Domain", "PaymentGateway.Payments.Domain\PaymentGateway.Payments.Domain.csproj", "{FF4BC471-F83C-4E44-87AC-ADF0F0DA0636}"
EndProject
Project("{FAE04EC0-301F-11D3-BF4B-00C04F79EFBC}") = "PaymentGateway.Payments.Application", "PaymentGateway.Payments.Application\PaymentGateway.Payments.Application.csproj", "{8AE18D3C-9E57-4128-916D-9B2995832DF1}"
EndProject
Project("{FAE04EC0-301F-11D3-BF4B-00C04F79EFBC}") = "PaymentGateway.Payments.Contracts", "PaymentGateway.Payments.Contracts\PaymentGateway.Payments.Contracts.csproj", "{4E2326CE-A714-4B18-B162-675A01894570}"
EndProject
Project("{FAE04EC0-301F-11D3-BF4B-00C04F79EFBC}") = "PaymentGateway.BuildingBlocks.Application", "PaymentGateway.BuildingBlocks.Application\PaymentGateway.BuildingBlocks.Application.csproj", "{00A45931-8592-4BBA-82AF-D7A3EF0AC0B3}"
EndProject
Project("{FAE04EC0-301F-11D3-BF4B-00C04F79EFBC}") = "PaymentGateway.BuildingBlocks.Domain", "PaymentGateway.BuildingBlocks.Domain\PaymentGateway.BuildingBlocks.Domain.csproj", "{D9E86122-669B-4EE8-8EC3-EF76FFC62249}"
EndProject
Project("{2150E333-8FDC-42A3-9474-1A3956D46DE8}") = "Persistence", "Persistence", "{9A893B76-3C53-4DC5-8D9C-506CC1569ED9}"
EndProject
Project("{2150E333-8FDC-42A3-9474-1A3956D46DE8}") = "Application", "Application", "{956D3405-498A-42CD-91AF-906F575007DB}"
EndProject
Project("{2150E333-8FDC-42A3-9474-1A3956D46DE8}") = "Domain", "Domain", "{7131C8A1-F1AE-4316-8A94-FB23AFA3D1A1}"
EndProject
Project("{FAE04EC0-301F-11D3-BF4B-00C04F79EFBC}") = "PaymentGateway.BuildingBlocks.Api.Abstractions", "PaymentGateway.BuildingBlocks.Api.Abstractions\PaymentGateway.BuildingBlocks.Api.Abstractions.csproj", "{822E911B-0F05-4A3C-A02F-DE5F9BF40D9B}"
EndProject
Project("{2150E333-8FDC-42A3-9474-1A3956D46DE8}") = "Messaging", "Messaging", "{1DD9709D-396D-422F-99CA-C48CA8E67D32}"
EndProject
Project("{FAE04EC0-301F-11D3-BF4B-00C04F79EFBC}") = "PaymentsGateway.BuildingBlocks.Messaging", "PaymentsGateway.BuildingBlocks.Messaging\PaymentsGateway.BuildingBlocks.Messaging.csproj", "{386EF23C-41A8-4B7F-9D13-242E146C63C7}"
EndProject
Project("{FAE04EC0-301F-11D3-BF4B-00C04F79EFBC}") = "PaymentGateway.BuildingBlocks.Persistence.Mongo", "PaymentGateway.BuildingBlocks.Persistence.Mongo\PaymentGateway.BuildingBlocks.Persistence.Mongo.csproj", "{175B76BE-29D7-42E3-837D-B8D543DBD00A}"
EndProject
Project("{FAE04EC0-301F-11D3-BF4B-00C04F79EFBC}") = "PaymentGateway.Payments.Persistence.Mongo", "PaymentGateway.Payments.Persistence.Mongo\PaymentGateway.Payments.Persistence.Mongo.csproj", "{0A8CC99F-AF40-41B8-BF15-1DCA961C3E3B}"
EndProject
Project("{FAE04EC0-301F-11D3-BF4B-00C04F79EFBC}") = "PaymentGateway.Acquisition.Application", "PaymentGateway.Acquisition.Application\PaymentGateway.Acquisition.Application.csproj", "{F2B41A99-85E5-4B8F-9103-5709B272A314}"
EndProject
Project("{FAE04EC0-301F-11D3-BF4B-00C04F79EFBC}") = "PaymentGateway.Acquisition.Domain", "PaymentGateway.Acquisition.Domain\PaymentGateway.Acquisition.Domain.csproj", "{D35A6F11-FA44-43C6-B993-0DB5B4D71497}"
EndProject
Project("{FAE04EC0-301F-11D3-BF4B-00C04F79EFBC}") = "PaymentGateway.Acquisition.Contracts", "PaymentGateway.Acquisition.Contracts\PaymentGateway.Acquisition.Contracts.csproj", "{9A9CAE1E-92DB-45DF-AF20-C7A4A6D43A10}"
EndProject
Project("{FAE04EC0-301F-11D3-BF4B-00C04F79EFBC}") = "PaymentGateway.Acquisition.Persistence.Mongo", "PaymentGateway.Acquisition.Persistence.Mongo\PaymentGateway.Acquisition.Persistence.Mongo.csproj", "{89601783-2811-4842-BE41-FA3A0BDDADD1}"
EndProject
Project("{FAE04EC0-301F-11D3-BF4B-00C04F79EFBC}") = "PaymentGateway.BuildingBlocks.Persistence", "PaymentGateway.BuildingBlocks.Persistence\PaymentGateway.BuildingBlocks.Persistence.csproj", "{0CFEB91F-5FE6-49EC-9424-71C1A6C738A0}"
EndProject
Project("{2150E333-8FDC-42A3-9474-1A3956D46DE8}") = "BankApi", "BankApi", "{11BA3243-FE65-4B41-AB0B-DB041B97A04D}"
EndProject
Project("{FAE04EC0-301F-11D3-BF4B-00C04F79EFBC}") = "Bank.Api", "Bank.Api\Bank.Api.csproj", "{FEC7FA33-5F49-4448-961D-7D1038B8F18B}"
EndProject
Global
	GlobalSection(SolutionConfigurationPlatforms) = preSolution
		Debug|Any CPU = Debug|Any CPU
		Release|Any CPU = Release|Any CPU
	EndGlobalSection
	GlobalSection(NestedProjects) = preSolution
		{C653FC71-E50E-4471-84F9-44199EFAD72D} = {D1126638-A2F6-45DE-B326-62405C4765E3}
		{D4B7DEE8-4E53-4B0A-B8C1-EDE927D0213F} = {D1126638-A2F6-45DE-B326-62405C4765E3}
		{A0E8641C-E0A8-4450-822B-05F44C1C6381} = {D4B7DEE8-4E53-4B0A-B8C1-EDE927D0213F}
		{7E590281-EFF2-471D-84BC-4A42BADFCF25} = {C653FC71-E50E-4471-84F9-44199EFAD72D}
		{FF4BC471-F83C-4E44-87AC-ADF0F0DA0636} = {D4B7DEE8-4E53-4B0A-B8C1-EDE927D0213F}
		{8AE18D3C-9E57-4128-916D-9B2995832DF1} = {D4B7DEE8-4E53-4B0A-B8C1-EDE927D0213F}
		{4E2326CE-A714-4B18-B162-675A01894570} = {D4B7DEE8-4E53-4B0A-B8C1-EDE927D0213F}
		{9A893B76-3C53-4DC5-8D9C-506CC1569ED9} = {44F833BB-F795-4A3D-A7C1-D813A787DDB6}
		{956D3405-498A-42CD-91AF-906F575007DB} = {44F833BB-F795-4A3D-A7C1-D813A787DDB6}
		{7131C8A1-F1AE-4316-8A94-FB23AFA3D1A1} = {44F833BB-F795-4A3D-A7C1-D813A787DDB6}
		{D9E86122-669B-4EE8-8EC3-EF76FFC62249} = {7131C8A1-F1AE-4316-8A94-FB23AFA3D1A1}
		{00A45931-8592-4BBA-82AF-D7A3EF0AC0B3} = {956D3405-498A-42CD-91AF-906F575007DB}
		{822E911B-0F05-4A3C-A02F-DE5F9BF40D9B} = {956D3405-498A-42CD-91AF-906F575007DB}
		{1DD9709D-396D-422F-99CA-C48CA8E67D32} = {44F833BB-F795-4A3D-A7C1-D813A787DDB6}
		{386EF23C-41A8-4B7F-9D13-242E146C63C7} = {1DD9709D-396D-422F-99CA-C48CA8E67D32}
		{175B76BE-29D7-42E3-837D-B8D543DBD00A} = {9A893B76-3C53-4DC5-8D9C-506CC1569ED9}
		{0A8CC99F-AF40-41B8-BF15-1DCA961C3E3B} = {D4B7DEE8-4E53-4B0A-B8C1-EDE927D0213F}
		{F2B41A99-85E5-4B8F-9103-5709B272A314} = {C653FC71-E50E-4471-84F9-44199EFAD72D}
		{D35A6F11-FA44-43C6-B993-0DB5B4D71497} = {C653FC71-E50E-4471-84F9-44199EFAD72D}
		{9A9CAE1E-92DB-45DF-AF20-C7A4A6D43A10} = {C653FC71-E50E-4471-84F9-44199EFAD72D}
		{89601783-2811-4842-BE41-FA3A0BDDADD1} = {C653FC71-E50E-4471-84F9-44199EFAD72D}
		{0CFEB91F-5FE6-49EC-9424-71C1A6C738A0} = {9A893B76-3C53-4DC5-8D9C-506CC1569ED9}
		{11BA3243-FE65-4B41-AB0B-DB041B97A04D} = {D1126638-A2F6-45DE-B326-62405C4765E3}
		{FEC7FA33-5F49-4448-961D-7D1038B8F18B} = {11BA3243-FE65-4B41-AB0B-DB041B97A04D}
	EndGlobalSection
	GlobalSection(ProjectConfigurationPlatforms) = postSolution
		{A0E8641C-E0A8-4450-822B-05F44C1C6381}.Debug|Any CPU.ActiveCfg = Debug|Any CPU
		{A0E8641C-E0A8-4450-822B-05F44C1C6381}.Debug|Any CPU.Build.0 = Debug|Any CPU
		{A0E8641C-E0A8-4450-822B-05F44C1C6381}.Release|Any CPU.ActiveCfg = Release|Any CPU
		{A0E8641C-E0A8-4450-822B-05F44C1C6381}.Release|Any CPU.Build.0 = Release|Any CPU
		{7E590281-EFF2-471D-84BC-4A42BADFCF25}.Debug|Any CPU.ActiveCfg = Debug|Any CPU
		{7E590281-EFF2-471D-84BC-4A42BADFCF25}.Debug|Any CPU.Build.0 = Debug|Any CPU
		{7E590281-EFF2-471D-84BC-4A42BADFCF25}.Release|Any CPU.ActiveCfg = Release|Any CPU
		{7E590281-EFF2-471D-84BC-4A42BADFCF25}.Release|Any CPU.Build.0 = Release|Any CPU
		{FF4BC471-F83C-4E44-87AC-ADF0F0DA0636}.Debug|Any CPU.ActiveCfg = Debug|Any CPU
		{FF4BC471-F83C-4E44-87AC-ADF0F0DA0636}.Debug|Any CPU.Build.0 = Debug|Any CPU
		{FF4BC471-F83C-4E44-87AC-ADF0F0DA0636}.Release|Any CPU.ActiveCfg = Release|Any CPU
		{FF4BC471-F83C-4E44-87AC-ADF0F0DA0636}.Release|Any CPU.Build.0 = Release|Any CPU
		{8AE18D3C-9E57-4128-916D-9B2995832DF1}.Debug|Any CPU.ActiveCfg = Debug|Any CPU
		{8AE18D3C-9E57-4128-916D-9B2995832DF1}.Debug|Any CPU.Build.0 = Debug|Any CPU
		{8AE18D3C-9E57-4128-916D-9B2995832DF1}.Release|Any CPU.ActiveCfg = Release|Any CPU
		{8AE18D3C-9E57-4128-916D-9B2995832DF1}.Release|Any CPU.Build.0 = Release|Any CPU
		{4E2326CE-A714-4B18-B162-675A01894570}.Debug|Any CPU.ActiveCfg = Debug|Any CPU
		{4E2326CE-A714-4B18-B162-675A01894570}.Debug|Any CPU.Build.0 = Debug|Any CPU
		{4E2326CE-A714-4B18-B162-675A01894570}.Release|Any CPU.ActiveCfg = Release|Any CPU
		{4E2326CE-A714-4B18-B162-675A01894570}.Release|Any CPU.Build.0 = Release|Any CPU
		{00A45931-8592-4BBA-82AF-D7A3EF0AC0B3}.Debug|Any CPU.ActiveCfg = Debug|Any CPU
		{00A45931-8592-4BBA-82AF-D7A3EF0AC0B3}.Debug|Any CPU.Build.0 = Debug|Any CPU
		{00A45931-8592-4BBA-82AF-D7A3EF0AC0B3}.Release|Any CPU.ActiveCfg = Release|Any CPU
		{00A45931-8592-4BBA-82AF-D7A3EF0AC0B3}.Release|Any CPU.Build.0 = Release|Any CPU
		{D9E86122-669B-4EE8-8EC3-EF76FFC62249}.Debug|Any CPU.ActiveCfg = Debug|Any CPU
		{D9E86122-669B-4EE8-8EC3-EF76FFC62249}.Debug|Any CPU.Build.0 = Debug|Any CPU
		{D9E86122-669B-4EE8-8EC3-EF76FFC62249}.Release|Any CPU.ActiveCfg = Release|Any CPU
		{D9E86122-669B-4EE8-8EC3-EF76FFC62249}.Release|Any CPU.Build.0 = Release|Any CPU
		{822E911B-0F05-4A3C-A02F-DE5F9BF40D9B}.Debug|Any CPU.ActiveCfg = Debug|Any CPU
		{822E911B-0F05-4A3C-A02F-DE5F9BF40D9B}.Debug|Any CPU.Build.0 = Debug|Any CPU
		{822E911B-0F05-4A3C-A02F-DE5F9BF40D9B}.Release|Any CPU.ActiveCfg = Release|Any CPU
		{822E911B-0F05-4A3C-A02F-DE5F9BF40D9B}.Release|Any CPU.Build.0 = Release|Any CPU
		{386EF23C-41A8-4B7F-9D13-242E146C63C7}.Debug|Any CPU.ActiveCfg = Debug|Any CPU
		{386EF23C-41A8-4B7F-9D13-242E146C63C7}.Debug|Any CPU.Build.0 = Debug|Any CPU
		{386EF23C-41A8-4B7F-9D13-242E146C63C7}.Release|Any CPU.ActiveCfg = Release|Any CPU
		{386EF23C-41A8-4B7F-9D13-242E146C63C7}.Release|Any CPU.Build.0 = Release|Any CPU
		{175B76BE-29D7-42E3-837D-B8D543DBD00A}.Debug|Any CPU.ActiveCfg = Debug|Any CPU
		{175B76BE-29D7-42E3-837D-B8D543DBD00A}.Debug|Any CPU.Build.0 = Debug|Any CPU
		{175B76BE-29D7-42E3-837D-B8D543DBD00A}.Release|Any CPU.ActiveCfg = Release|Any CPU
		{175B76BE-29D7-42E3-837D-B8D543DBD00A}.Release|Any CPU.Build.0 = Release|Any CPU
		{0A8CC99F-AF40-41B8-BF15-1DCA961C3E3B}.Debug|Any CPU.ActiveCfg = Debug|Any CPU
		{0A8CC99F-AF40-41B8-BF15-1DCA961C3E3B}.Debug|Any CPU.Build.0 = Debug|Any CPU
		{0A8CC99F-AF40-41B8-BF15-1DCA961C3E3B}.Release|Any CPU.ActiveCfg = Release|Any CPU
		{0A8CC99F-AF40-41B8-BF15-1DCA961C3E3B}.Release|Any CPU.Build.0 = Release|Any CPU
		{F2B41A99-85E5-4B8F-9103-5709B272A314}.Debug|Any CPU.ActiveCfg = Debug|Any CPU
		{F2B41A99-85E5-4B8F-9103-5709B272A314}.Debug|Any CPU.Build.0 = Debug|Any CPU
		{F2B41A99-85E5-4B8F-9103-5709B272A314}.Release|Any CPU.ActiveCfg = Release|Any CPU
		{F2B41A99-85E5-4B8F-9103-5709B272A314}.Release|Any CPU.Build.0 = Release|Any CPU
		{D35A6F11-FA44-43C6-B993-0DB5B4D71497}.Debug|Any CPU.ActiveCfg = Debug|Any CPU
		{D35A6F11-FA44-43C6-B993-0DB5B4D71497}.Debug|Any CPU.Build.0 = Debug|Any CPU
		{D35A6F11-FA44-43C6-B993-0DB5B4D71497}.Release|Any CPU.ActiveCfg = Release|Any CPU
		{D35A6F11-FA44-43C6-B993-0DB5B4D71497}.Release|Any CPU.Build.0 = Release|Any CPU
		{9A9CAE1E-92DB-45DF-AF20-C7A4A6D43A10}.Debug|Any CPU.ActiveCfg = Debug|Any CPU
		{9A9CAE1E-92DB-45DF-AF20-C7A4A6D43A10}.Debug|Any CPU.Build.0 = Debug|Any CPU
		{9A9CAE1E-92DB-45DF-AF20-C7A4A6D43A10}.Release|Any CPU.ActiveCfg = Release|Any CPU
		{9A9CAE1E-92DB-45DF-AF20-C7A4A6D43A10}.Release|Any CPU.Build.0 = Release|Any CPU
		{89601783-2811-4842-BE41-FA3A0BDDADD1}.Debug|Any CPU.ActiveCfg = Debug|Any CPU
		{89601783-2811-4842-BE41-FA3A0BDDADD1}.Debug|Any CPU.Build.0 = Debug|Any CPU
		{89601783-2811-4842-BE41-FA3A0BDDADD1}.Release|Any CPU.ActiveCfg = Release|Any CPU
		{89601783-2811-4842-BE41-FA3A0BDDADD1}.Release|Any CPU.Build.0 = Release|Any CPU
		{0CFEB91F-5FE6-49EC-9424-71C1A6C738A0}.Debug|Any CPU.ActiveCfg = Debug|Any CPU
		{0CFEB91F-5FE6-49EC-9424-71C1A6C738A0}.Debug|Any CPU.Build.0 = Debug|Any CPU
		{0CFEB91F-5FE6-49EC-9424-71C1A6C738A0}.Release|Any CPU.ActiveCfg = Release|Any CPU
		{0CFEB91F-5FE6-49EC-9424-71C1A6C738A0}.Release|Any CPU.Build.0 = Release|Any CPU
		{FEC7FA33-5F49-4448-961D-7D1038B8F18B}.Debug|Any CPU.ActiveCfg = Debug|Any CPU
		{FEC7FA33-5F49-4448-961D-7D1038B8F18B}.Debug|Any CPU.Build.0 = Debug|Any CPU
		{FEC7FA33-5F49-4448-961D-7D1038B8F18B}.Release|Any CPU.ActiveCfg = Release|Any CPU
		{FEC7FA33-5F49-4448-961D-7D1038B8F18B}.Release|Any CPU.Build.0 = Release|Any CPU
	EndGlobalSection
EndGlobal
